
Microsoft Visual Studio Solution File, Format Version 12.00
# Visual Studio Version 16
VisualStudioVersion = 16.0.30509.190
MinimumVisualStudioVersion = 15.0.26124.0
Project("{9A19103F-16F7-4668-BE54-9A1E7A4F7556}") = "Blog.Business", "Blog.Business\Blog.Business.csproj", "{E0D2CBBF-F3E8-412B-BC9B-E0F55E7881B1}"
EndProject
Project("{9A19103F-16F7-4668-BE54-9A1E7A4F7556}") = "Blog.Controllers", "Blog.Controllers\Blog.Controllers.csproj", "{8459BB6E-BF4D-4AF9-92FC-0DB1D00DF7EA}"
EndProject
Project("{9A19103F-16F7-4668-BE54-9A1E7A4F7556}") = "Blog.Infraestructure", "Blog.Infraestructure\Blog.Infraestructure.csproj", "{167004A5-3604-446E-93C4-70FBE70E1902}"
EndProject
Project("{9A19103F-16F7-4668-BE54-9A1E7A4F7556}") = "Blog.Models", "Blog.Models\Blog.Models.csproj", "{82789001-9613-4C23-96ED-022057B87A86}"
EndProject
Project("{9A19103F-16F7-4668-BE54-9A1E7A4F7556}") = "Blog.Test", "Blog.Test\Blog.Test.csproj", "{7948AB05-2362-4775-95B8-3D00AEBD5CBF}"
EndProject
Project("{FAE04EC0-301F-11D3-BF4B-00C04F79EFBC}") = "Blog.Repos", "Blog.Repos\Blog.Repos.csproj", "{04DFDBDD-3A37-47E5-ADBD-2B3E1193FF64}"
EndProject
Global
	GlobalSection(SolutionConfigurationPlatforms) = preSolution
		Debug|Any CPU = Debug|Any CPU
		Debug|x64 = Debug|x64
		Debug|x86 = Debug|x86
		Release|Any CPU = Release|Any CPU
		Release|x64 = Release|x64
		Release|x86 = Release|x86
	EndGlobalSection
	GlobalSection(ProjectConfigurationPlatforms) = postSolution
		{E0D2CBBF-F3E8-412B-BC9B-E0F55E7881B1}.Debug|Any CPU.ActiveCfg = Debug|Any CPU
		{E0D2CBBF-F3E8-412B-BC9B-E0F55E7881B1}.Debug|Any CPU.Build.0 = Debug|Any CPU
		{E0D2CBBF-F3E8-412B-BC9B-E0F55E7881B1}.Debug|x64.ActiveCfg = Debug|Any CPU
		{E0D2CBBF-F3E8-412B-BC9B-E0F55E7881B1}.Debug|x64.Build.0 = Debug|Any CPU
		{E0D2CBBF-F3E8-412B-BC9B-E0F55E7881B1}.Debug|x86.ActiveCfg = Debug|Any CPU
		{E0D2CBBF-F3E8-412B-BC9B-E0F55E7881B1}.Debug|x86.Build.0 = Debug|Any CPU
		{E0D2CBBF-F3E8-412B-BC9B-E0F55E7881B1}.Release|Any CPU.ActiveCfg = Release|Any CPU
		{E0D2CBBF-F3E8-412B-BC9B-E0F55E7881B1}.Release|Any CPU.Build.0 = Release|Any CPU
		{E0D2CBBF-F3E8-412B-BC9B-E0F55E7881B1}.Release|x64.ActiveCfg = Release|Any CPU
		{E0D2CBBF-F3E8-412B-BC9B-E0F55E7881B1}.Release|x64.Build.0 = Release|Any CPU
		{E0D2CBBF-F3E8-412B-BC9B-E0F55E7881B1}.Release|x86.ActiveCfg = Release|Any CPU
		{E0D2CBBF-F3E8-412B-BC9B-E0F55E7881B1}.Release|x86.Build.0 = Release|Any CPU
		{8459BB6E-BF4D-4AF9-92FC-0DB1D00DF7EA}.Debug|Any CPU.ActiveCfg = Debug|Any CPU
		{8459BB6E-BF4D-4AF9-92FC-0DB1D00DF7EA}.Debug|Any CPU.Build.0 = Debug|Any CPU
		{8459BB6E-BF4D-4AF9-92FC-0DB1D00DF7EA}.Debug|x64.ActiveCfg = Debug|Any CPU
		{8459BB6E-BF4D-4AF9-92FC-0DB1D00DF7EA}.Debug|x64.Build.0 = Debug|Any CPU
		{8459BB6E-BF4D-4AF9-92FC-0DB1D00DF7EA}.Debug|x86.ActiveCfg = Debug|Any CPU
		{8459BB6E-BF4D-4AF9-92FC-0DB1D00DF7EA}.Debug|x86.Build.0 = Debug|Any CPU
		{8459BB6E-BF4D-4AF9-92FC-0DB1D00DF7EA}.Release|Any CPU.ActiveCfg = Release|Any CPU
		{8459BB6E-BF4D-4AF9-92FC-0DB1D00DF7EA}.Release|Any CPU.Build.0 = Release|Any CPU
		{8459BB6E-BF4D-4AF9-92FC-0DB1D00DF7EA}.Release|x64.ActiveCfg = Release|Any CPU
		{8459BB6E-BF4D-4AF9-92FC-0DB1D00DF7EA}.Release|x64.Build.0 = Release|Any CPU
		{8459BB6E-BF4D-4AF9-92FC-0DB1D00DF7EA}.Release|x86.ActiveCfg = Release|Any CPU
		{8459BB6E-BF4D-4AF9-92FC-0DB1D00DF7EA}.Release|x86.Build.0 = Release|Any CPU
		{167004A5-3604-446E-93C4-70FBE70E1902}.Debug|Any CPU.ActiveCfg = Debug|Any CPU
		{167004A5-3604-446E-93C4-70FBE70E1902}.Debug|Any CPU.Build.0 = Debug|Any CPU
		{167004A5-3604-446E-93C4-70FBE70E1902}.Debug|x64.ActiveCfg = Debug|Any CPU
		{167004A5-3604-446E-93C4-70FBE70E1902}.Debug|x64.Build.0 = Debug|Any CPU
		{167004A5-3604-446E-93C4-70FBE70E1902}.Debug|x86.ActiveCfg = Debug|Any CPU
		{167004A5-3604-446E-93C4-70FBE70E1902}.Debug|x86.Build.0 = Debug|Any CPU
		{167004A5-3604-446E-93C4-70FBE70E1902}.Release|Any CPU.ActiveCfg = Release|Any CPU
		{167004A5-3604-446E-93C4-70FBE70E1902}.Release|Any CPU.Build.0 = Release|Any CPU
		{167004A5-3604-446E-93C4-70FBE70E1902}.Release|x64.ActiveCfg = Release|Any CPU
		{167004A5-3604-446E-93C4-70FBE70E1902}.Release|x64.Build.0 = Release|Any CPU
		{167004A5-3604-446E-93C4-70FBE70E1902}.Release|x86.ActiveCfg = Release|Any CPU
		{167004A5-3604-446E-93C4-70FBE70E1902}.Release|x86.Build.0 = Release|Any CPU
		{82789001-9613-4C23-96ED-022057B87A86}.Debug|Any CPU.ActiveCfg = Debug|Any CPU
		{82789001-9613-4C23-96ED-022057B87A86}.Debug|Any CPU.Build.0 = Debug|Any CPU
		{82789001-9613-4C23-96ED-022057B87A86}.Debug|x64.ActiveCfg = Debug|Any CPU
		{82789001-9613-4C23-96ED-022057B87A86}.Debug|x64.Build.0 = Debug|Any CPU
		{82789001-9613-4C23-96ED-022057B87A86}.Debug|x86.ActiveCfg = Debug|Any CPU
		{82789001-9613-4C23-96ED-022057B87A86}.Debug|x86.Build.0 = Debug|Any CPU
		{82789001-9613-4C23-96ED-022057B87A86}.Release|Any CPU.ActiveCfg = Release|Any CPU
		{82789001-9613-4C23-96ED-022057B87A86}.Release|Any CPU.Build.0 = Release|Any CPU
		{82789001-9613-4C23-96ED-022057B87A86}.Release|x64.ActiveCfg = Release|Any CPU
		{82789001-9613-4C23-96ED-022057B87A86}.Release|x64.Build.0 = Release|Any CPU
		{82789001-9613-4C23-96ED-022057B87A86}.Release|x86.ActiveCfg = Release|Any CPU
		{82789001-9613-4C23-96ED-022057B87A86}.Release|x86.Build.0 = Release|Any CPU
		{7948AB05-2362-4775-95B8-3D00AEBD5CBF}.Debug|Any CPU.ActiveCfg = Debug|Any CPU
		{7948AB05-2362-4775-95B8-3D00AEBD5CBF}.Debug|Any CPU.Build.0 = Debug|Any CPU
		{7948AB05-2362-4775-95B8-3D00AEBD5CBF}.Debug|x64.ActiveCfg = Debug|Any CPU
		{7948AB05-2362-4775-95B8-3D00AEBD5CBF}.Debug|x64.Build.0 = Debug|Any CPU
		{7948AB05-2362-4775-95B8-3D00AEBD5CBF}.Debug|x86.ActiveCfg = Debug|Any CPU
		{7948AB05-2362-4775-95B8-3D00AEBD5CBF}.Debug|x86.Build.0 = Debug|Any CPU
		{7948AB05-2362-4775-95B8-3D00AEBD5CBF}.Release|Any CPU.ActiveCfg = Release|Any CPU
		{7948AB05-2362-4775-95B8-3D00AEBD5CBF}.Release|Any CPU.Build.0 = Release|Any CPU
		{7948AB05-2362-4775-95B8-3D00AEBD5CBF}.Release|x64.ActiveCfg = Release|Any CPU
		{7948AB05-2362-4775-95B8-3D00AEBD5CBF}.Release|x64.Build.0 = Release|Any CPU
		{7948AB05-2362-4775-95B8-3D00AEBD5CBF}.Release|x86.ActiveCfg = Release|Any CPU
		{7948AB05-2362-4775-95B8-3D00AEBD5CBF}.Release|x86.Build.0 = Release|Any CPU
		{04DFDBDD-3A37-47E5-ADBD-2B3E1193FF64}.Debug|Any CPU.ActiveCfg = Debug|Any CPU
		{04DFDBDD-3A37-47E5-ADBD-2B3E1193FF64}.Debug|Any CPU.Build.0 = Debug|Any CPU
		{04DFDBDD-3A37-47E5-ADBD-2B3E1193FF64}.Debug|x64.ActiveCfg = Debug|Any CPU
		{04DFDBDD-3A37-47E5-ADBD-2B3E1193FF64}.Debug|x64.Build.0 = Debug|Any CPU
		{04DFDBDD-3A37-47E5-ADBD-2B3E1193FF64}.Debug|x86.ActiveCfg = Debug|Any CPU
		{04DFDBDD-3A37-47E5-ADBD-2B3E1193FF64}.Debug|x86.Build.0 = Debug|Any CPU
		{04DFDBDD-3A37-47E5-ADBD-2B3E1193FF64}.Release|Any CPU.ActiveCfg = Release|Any CPU
		{04DFDBDD-3A37-47E5-ADBD-2B3E1193FF64}.Release|Any CPU.Build.0 = Release|Any CPU
		{04DFDBDD-3A37-47E5-ADBD-2B3E1193FF64}.Release|x64.ActiveCfg = Release|Any CPU
		{04DFDBDD-3A37-47E5-ADBD-2B3E1193FF64}.Release|x64.Build.0 = Release|Any CPU
		{04DFDBDD-3A37-47E5-ADBD-2B3E1193FF64}.Release|x86.ActiveCfg = Release|Any CPU
		{04DFDBDD-3A37-47E5-ADBD-2B3E1193FF64}.Release|x86.Build.0 = Release|Any CPU
	EndGlobalSection
	GlobalSection(SolutionProperties) = preSolution
		HideSolutionNode = FALSE
	EndGlobalSection
	GlobalSection(ExtensibilityGlobals) = postSolution
		SolutionGuid = {25568099-5029-4CAB-A217-B04825FD30A8}
	EndGlobalSection
EndGlobal
